
Microsoft Visual Studio Solution File, Format Version 12.00
# Visual Studio Version 17
VisualStudioVersion = 17.2.32602.215
MinimumVisualStudioVersion = 10.0.40219.1
Project("{FAE04EC0-301F-11D3-BF4B-00C04F79EFBC}") = "Input1", "Input1.csproj", "{5F490E50-C039-405A-9858-40E8AB940CF2}"
EndProject
Global
	GlobalSection(SolutionConfigurationPlatforms) = preSolution
		Debug|Any CPU = Debug|Any CPU
		Release|Any CPU = Release|Any CPU
	EndGlobalSection
	GlobalSection(ProjectConfigurationPlatforms) = postSolution
		{5F490E50-C039-405A-9858-40E8AB940CF2}.Debug|Any CPU.ActiveCfg = Debug|Any CPU
		{5F490E50-C039-405A-9858-40E8AB940CF2}.Debug|Any CPU.Build.0 = Debug|Any CPU
		{5F490E50-C039-405A-9858-40E8AB940CF2}.Release|Any CPU.ActiveCfg = Release|Any CPU
		{5F490E50-C039-405A-9858-40E8AB940CF2}.Release|Any CPU.Build.0 = Release|Any CPU
	EndGlobalSection
	GlobalSection(SolutionProperties) = preSolution
		HideSolutionNode = FALSE
	EndGlobalSection
	GlobalSection(ExtensibilityGlobals) = postSolution
		SolutionGuid = {BC5A8D4F-C97F-4871-A430-EE5E93D0E8DF}
	EndGlobalSection
EndGlobal
