
Microsoft Visual Studio Solution File, Format Version 12.00
# Visual Studio Version 17
VisualStudioVersion = 17.2.32602.215
MinimumVisualStudioVersion = 10.0.40219.1
Project("{FAE04EC0-301F-11D3-BF4B-00C04F79EFBC}") = "Input35", "Input35.csproj", "{0B10E8A3-D875-40F8-B697-E6B6428F8FEE}"
EndProject
Global
	GlobalSection(SolutionConfigurationPlatforms) = preSolution
		Debug|Any CPU = Debug|Any CPU
		Release|Any CPU = Release|Any CPU
	EndGlobalSection
	GlobalSection(ProjectConfigurationPlatforms) = postSolution
		{0B10E8A3-D875-40F8-B697-E6B6428F8FEE}.Debug|Any CPU.ActiveCfg = Debug|Any CPU
		{0B10E8A3-D875-40F8-B697-E6B6428F8FEE}.Debug|Any CPU.Build.0 = Debug|Any CPU
		{0B10E8A3-D875-40F8-B697-E6B6428F8FEE}.Release|Any CPU.ActiveCfg = Release|Any CPU
		{0B10E8A3-D875-40F8-B697-E6B6428F8FEE}.Release|Any CPU.Build.0 = Release|Any CPU
	EndGlobalSection
	GlobalSection(SolutionProperties) = preSolution
		HideSolutionNode = FALSE
	EndGlobalSection
	GlobalSection(ExtensibilityGlobals) = postSolution
		SolutionGuid = {48BD2398-BCCA-45ED-9722-1A25AD729301}
	EndGlobalSection
EndGlobal
