
Microsoft Visual Studio Solution File, Format Version 12.00
# Visual Studio Version 17
VisualStudioVersion = 17.2.32616.157
MinimumVisualStudioVersion = 10.0.40219.1
Project("{FAE04EC0-301F-11D3-BF4B-00C04F79EFBC}") = "A1_6", "A1_6.csproj", "{24408176-D8AE-4218-A40B-12C77F539759}"
EndProject
Global
	GlobalSection(SolutionConfigurationPlatforms) = preSolution
		Debug|Any CPU = Debug|Any CPU
		Release|Any CPU = Release|Any CPU
	EndGlobalSection
	GlobalSection(ProjectConfigurationPlatforms) = postSolution
		{24408176-D8AE-4218-A40B-12C77F539759}.Debug|Any CPU.ActiveCfg = Debug|Any CPU
		{24408176-D8AE-4218-A40B-12C77F539759}.Debug|Any CPU.Build.0 = Debug|Any CPU
		{24408176-D8AE-4218-A40B-12C77F539759}.Release|Any CPU.ActiveCfg = Release|Any CPU
		{24408176-D8AE-4218-A40B-12C77F539759}.Release|Any CPU.Build.0 = Release|Any CPU
	EndGlobalSection
	GlobalSection(SolutionProperties) = preSolution
		HideSolutionNode = FALSE
	EndGlobalSection
	GlobalSection(ExtensibilityGlobals) = postSolution
		SolutionGuid = {0F46D4FD-2873-411C-939F-B7E3F57EFE2D}
	EndGlobalSection
EndGlobal
