
Microsoft Visual Studio Solution File, Format Version 12.00
# Visual Studio Version 17
VisualStudioVersion = 17.2.32602.215
MinimumVisualStudioVersion = 10.0.40219.1
Project("{FAE04EC0-301F-11D3-BF4B-00C04F79EFBC}") = "Input28", "Input28.csproj", "{DDD58E17-D589-40A3-96E3-C116034AFE8D}"
EndProject
Global
	GlobalSection(SolutionConfigurationPlatforms) = preSolution
		Debug|Any CPU = Debug|Any CPU
		Release|Any CPU = Release|Any CPU
	EndGlobalSection
	GlobalSection(ProjectConfigurationPlatforms) = postSolution
		{DDD58E17-D589-40A3-96E3-C116034AFE8D}.Debug|Any CPU.ActiveCfg = Debug|Any CPU
		{DDD58E17-D589-40A3-96E3-C116034AFE8D}.Debug|Any CPU.Build.0 = Debug|Any CPU
		{DDD58E17-D589-40A3-96E3-C116034AFE8D}.Release|Any CPU.ActiveCfg = Release|Any CPU
		{DDD58E17-D589-40A3-96E3-C116034AFE8D}.Release|Any CPU.Build.0 = Release|Any CPU
	EndGlobalSection
	GlobalSection(SolutionProperties) = preSolution
		HideSolutionNode = FALSE
	EndGlobalSection
	GlobalSection(ExtensibilityGlobals) = postSolution
		SolutionGuid = {FA575CC8-8A9D-4EEB-AAF0-7D4C61FC8417}
	EndGlobalSection
EndGlobal
