
Microsoft Visual Studio Solution File, Format Version 12.00
# Visual Studio Version 17
VisualStudioVersion = 17.2.32602.215
MinimumVisualStudioVersion = 10.0.40219.1
Project("{FAE04EC0-301F-11D3-BF4B-00C04F79EFBC}") = "Input12", "Input12.csproj", "{4926A5C1-4986-428A-867F-8C9C8F2A39CA}"
EndProject
Global
	GlobalSection(SolutionConfigurationPlatforms) = preSolution
		Debug|Any CPU = Debug|Any CPU
		Release|Any CPU = Release|Any CPU
	EndGlobalSection
	GlobalSection(ProjectConfigurationPlatforms) = postSolution
		{4926A5C1-4986-428A-867F-8C9C8F2A39CA}.Debug|Any CPU.ActiveCfg = Debug|Any CPU
		{4926A5C1-4986-428A-867F-8C9C8F2A39CA}.Debug|Any CPU.Build.0 = Debug|Any CPU
		{4926A5C1-4986-428A-867F-8C9C8F2A39CA}.Release|Any CPU.ActiveCfg = Release|Any CPU
		{4926A5C1-4986-428A-867F-8C9C8F2A39CA}.Release|Any CPU.Build.0 = Release|Any CPU
	EndGlobalSection
	GlobalSection(SolutionProperties) = preSolution
		HideSolutionNode = FALSE
	EndGlobalSection
	GlobalSection(ExtensibilityGlobals) = postSolution
		SolutionGuid = {4FFBC0F2-E151-4449-A66B-EEFC0ECE8C92}
	EndGlobalSection
EndGlobal
