
Microsoft Visual Studio Solution File, Format Version 12.00
# Visual Studio Version 17
VisualStudioVersion = 17.2.32602.215
MinimumVisualStudioVersion = 10.0.40219.1
Project("{FAE04EC0-301F-11D3-BF4B-00C04F79EFBC}") = "Input14", "Input14.csproj", "{34579F8D-65E3-4005-B514-FA1B60E78156}"
EndProject
Global
	GlobalSection(SolutionConfigurationPlatforms) = preSolution
		Debug|Any CPU = Debug|Any CPU
		Release|Any CPU = Release|Any CPU
	EndGlobalSection
	GlobalSection(ProjectConfigurationPlatforms) = postSolution
		{34579F8D-65E3-4005-B514-FA1B60E78156}.Debug|Any CPU.ActiveCfg = Debug|Any CPU
		{34579F8D-65E3-4005-B514-FA1B60E78156}.Debug|Any CPU.Build.0 = Debug|Any CPU
		{34579F8D-65E3-4005-B514-FA1B60E78156}.Release|Any CPU.ActiveCfg = Release|Any CPU
		{34579F8D-65E3-4005-B514-FA1B60E78156}.Release|Any CPU.Build.0 = Release|Any CPU
	EndGlobalSection
	GlobalSection(SolutionProperties) = preSolution
		HideSolutionNode = FALSE
	EndGlobalSection
	GlobalSection(ExtensibilityGlobals) = postSolution
		SolutionGuid = {5BD260ED-6BC4-4F54-8398-F020E4EEEC86}
	EndGlobalSection
EndGlobal
