
Microsoft Visual Studio Solution File, Format Version 12.00
# Visual Studio Version 17
VisualStudioVersion = 17.2.32616.157
MinimumVisualStudioVersion = 10.0.40219.1
Project("{FAE04EC0-301F-11D3-BF4B-00C04F79EFBC}") = "A1_5", "A1_5.csproj", "{20A3ACD8-5137-47BB-866C-A5AD98DBE7FE}"
EndProject
Global
	GlobalSection(SolutionConfigurationPlatforms) = preSolution
		Debug|Any CPU = Debug|Any CPU
		Release|Any CPU = Release|Any CPU
	EndGlobalSection
	GlobalSection(ProjectConfigurationPlatforms) = postSolution
		{20A3ACD8-5137-47BB-866C-A5AD98DBE7FE}.Debug|Any CPU.ActiveCfg = Debug|Any CPU
		{20A3ACD8-5137-47BB-866C-A5AD98DBE7FE}.Debug|Any CPU.Build.0 = Debug|Any CPU
		{20A3ACD8-5137-47BB-866C-A5AD98DBE7FE}.Release|Any CPU.ActiveCfg = Release|Any CPU
		{20A3ACD8-5137-47BB-866C-A5AD98DBE7FE}.Release|Any CPU.Build.0 = Release|Any CPU
	EndGlobalSection
	GlobalSection(SolutionProperties) = preSolution
		HideSolutionNode = FALSE
	EndGlobalSection
	GlobalSection(ExtensibilityGlobals) = postSolution
		SolutionGuid = {65B64741-DC26-4933-A909-41E3A4D43788}
	EndGlobalSection
EndGlobal
