
Microsoft Visual Studio Solution File, Format Version 12.00
# Visual Studio Version 17
VisualStudioVersion = 17.2.32602.215
MinimumVisualStudioVersion = 10.0.40219.1
Project("{FAE04EC0-301F-11D3-BF4B-00C04F79EFBC}") = "Input3", "Input3.csproj", "{822FAF6D-11D5-4238-8AEB-F81CBCDA63B6}"
EndProject
Global
	GlobalSection(SolutionConfigurationPlatforms) = preSolution
		Debug|Any CPU = Debug|Any CPU
		Release|Any CPU = Release|Any CPU
	EndGlobalSection
	GlobalSection(ProjectConfigurationPlatforms) = postSolution
		{822FAF6D-11D5-4238-8AEB-F81CBCDA63B6}.Debug|Any CPU.ActiveCfg = Debug|Any CPU
		{822FAF6D-11D5-4238-8AEB-F81CBCDA63B6}.Debug|Any CPU.Build.0 = Debug|Any CPU
		{822FAF6D-11D5-4238-8AEB-F81CBCDA63B6}.Release|Any CPU.ActiveCfg = Release|Any CPU
		{822FAF6D-11D5-4238-8AEB-F81CBCDA63B6}.Release|Any CPU.Build.0 = Release|Any CPU
	EndGlobalSection
	GlobalSection(SolutionProperties) = preSolution
		HideSolutionNode = FALSE
	EndGlobalSection
	GlobalSection(ExtensibilityGlobals) = postSolution
		SolutionGuid = {9E1BC904-E0A1-491A-83A1-E2F9068E67BA}
	EndGlobalSection
EndGlobal
