
Microsoft Visual Studio Solution File, Format Version 12.00
# Visual Studio Version 17
VisualStudioVersion = 17.2.32602.215
MinimumVisualStudioVersion = 10.0.40219.1
Project("{FAE04EC0-301F-11D3-BF4B-00C04F79EFBC}") = "Input39", "Input39.csproj", "{7C18B11D-FA57-4ABD-892E-64572B987306}"
EndProject
Global
	GlobalSection(SolutionConfigurationPlatforms) = preSolution
		Debug|Any CPU = Debug|Any CPU
		Release|Any CPU = Release|Any CPU
	EndGlobalSection
	GlobalSection(ProjectConfigurationPlatforms) = postSolution
		{7C18B11D-FA57-4ABD-892E-64572B987306}.Debug|Any CPU.ActiveCfg = Debug|Any CPU
		{7C18B11D-FA57-4ABD-892E-64572B987306}.Debug|Any CPU.Build.0 = Debug|Any CPU
		{7C18B11D-FA57-4ABD-892E-64572B987306}.Release|Any CPU.ActiveCfg = Release|Any CPU
		{7C18B11D-FA57-4ABD-892E-64572B987306}.Release|Any CPU.Build.0 = Release|Any CPU
	EndGlobalSection
	GlobalSection(SolutionProperties) = preSolution
		HideSolutionNode = FALSE
	EndGlobalSection
	GlobalSection(ExtensibilityGlobals) = postSolution
		SolutionGuid = {0B42257F-1205-414D-904B-37DDC3796675}
	EndGlobalSection
EndGlobal
