
Microsoft Visual Studio Solution File, Format Version 12.00
# Visual Studio Version 17
VisualStudioVersion = 17.2.32602.215
MinimumVisualStudioVersion = 10.0.40219.1
Project("{FAE04EC0-301F-11D3-BF4B-00C04F79EFBC}") = "Input43", "Input43.csproj", "{0A8845CE-2F35-406B-B606-1A8F0B763658}"
EndProject
Global
	GlobalSection(SolutionConfigurationPlatforms) = preSolution
		Debug|Any CPU = Debug|Any CPU
		Release|Any CPU = Release|Any CPU
	EndGlobalSection
	GlobalSection(ProjectConfigurationPlatforms) = postSolution
		{0A8845CE-2F35-406B-B606-1A8F0B763658}.Debug|Any CPU.ActiveCfg = Debug|Any CPU
		{0A8845CE-2F35-406B-B606-1A8F0B763658}.Debug|Any CPU.Build.0 = Debug|Any CPU
		{0A8845CE-2F35-406B-B606-1A8F0B763658}.Release|Any CPU.ActiveCfg = Release|Any CPU
		{0A8845CE-2F35-406B-B606-1A8F0B763658}.Release|Any CPU.Build.0 = Release|Any CPU
	EndGlobalSection
	GlobalSection(SolutionProperties) = preSolution
		HideSolutionNode = FALSE
	EndGlobalSection
	GlobalSection(ExtensibilityGlobals) = postSolution
		SolutionGuid = {3B608AA3-C696-446D-9B14-6CFA222DA690}
	EndGlobalSection
EndGlobal
